
Microsoft Visual Studio Solution File, Format Version 12.00
# Visual Studio Version 16
VisualStudioVersion = 16.0.30413.136
MinimumVisualStudioVersion = 10.0.40219.1
Project("{8BC9CEB8-8B4A-11D0-8D11-00A0C91BC942}") = "Tavern Game", "Tavern Game\Tavern Game.vcxproj", "{B12004FC-F2D9-415F-B169-B750DF5106B1}"
EndProject
Global
	GlobalSection(SolutionConfigurationPlatforms) = preSolution
		Debug|x64 = Debug|x64
		Debug|x86 = Debug|x86
		Release|x64 = Release|x64
		Release|x86 = Release|x86
	EndGlobalSection
	GlobalSection(ProjectConfigurationPlatforms) = postSolution
		{B12004FC-F2D9-415F-B169-B750DF5106B1}.Debug|x64.ActiveCfg = Debug|x64
		{B12004FC-F2D9-415F-B169-B750DF5106B1}.Debug|x64.Build.0 = Debug|x64
		{B12004FC-F2D9-415F-B169-B750DF5106B1}.Debug|x86.ActiveCfg = Debug|Win32
		{B12004FC-F2D9-415F-B169-B750DF5106B1}.Debug|x86.Build.0 = Debug|Win32
		{B12004FC-F2D9-415F-B169-B750DF5106B1}.Release|x64.ActiveCfg = Release|x64
		{B12004FC-F2D9-415F-B169-B750DF5106B1}.Release|x64.Build.0 = Release|x64
		{B12004FC-F2D9-415F-B169-B750DF5106B1}.Release|x86.ActiveCfg = Release|Win32
		{B12004FC-F2D9-415F-B169-B750DF5106B1}.Release|x86.Build.0 = Release|Win32
	EndGlobalSection
	GlobalSection(SolutionProperties) = preSolution
		HideSolutionNode = FALSE
	EndGlobalSection
	GlobalSection(ExtensibilityGlobals) = postSolution
		SolutionGuid = {C5B2C3B9-D922-4B1B-8B8B-61214C536C41}
	EndGlobalSection
EndGlobal
